
Microsoft Visual Studio Solution File, Format Version 12.00
# Visual Studio Version 17
VisualStudioVersion = 17.0.31611.283
MinimumVisualStudioVersion = 10.0.40219.1
Project("{9A19103F-16F7-4668-BE54-9A1E7A4F7556}") = "DotVVM.Maui.App", "DotVVM.Maui.App\DotVVM.Maui.App.csproj", "{342C31A4-71A5-453B-9381-5FD733C59C45}"
EndProject
Project("{9A19103F-16F7-4668-BE54-9A1E7A4F7556}") = "DotVVM.Hosting.Maui", "DotVVM.Hosting.Maui\DotVVM.Hosting.Maui.csproj", "{F2684AD8-5462-40FE-9C63-45601A053FF6}"
EndProject
Project("{2150E333-8FDC-42A3-9474-1A3956D46DE8}") = "dotvvm", "dotvvm", "{C540F5F2-7701-433B-B0C6-E14F7E10AC11}"
EndProject
Project("{9A19103F-16F7-4668-BE54-9A1E7A4F7556}") = "DotVVM.Core", "..\dotvvm\src\Framework\Core\DotVVM.Core.csproj", "{05D16005-C893-4CBE-9B2D-12D87C9072D0}"
EndProject
Project("{9A19103F-16F7-4668-BE54-9A1E7A4F7556}") = "DotVVM.Framework", "..\dotvvm\src\Framework\Framework\DotVVM.Framework.csproj", "{90CAC798-3EEF-4FCA-ACA2-6C9FA0613EA5}"
EndProject
Project("{9A19103F-16F7-4668-BE54-9A1E7A4F7556}") = "DotVVM.Framework.Hosting.AspNetCore", "..\dotvvm\src\Framework\Hosting.AspNetCore\DotVVM.Framework.Hosting.AspNetCore.csproj", "{2F2AE110-6A77-4A58-8037-2138E48D9D69}"
EndProject
Global
	GlobalSection(SolutionConfigurationPlatforms) = preSolution
		Debug|Any CPU = Debug|Any CPU
		Release|Any CPU = Release|Any CPU
	EndGlobalSection
	GlobalSection(ProjectConfigurationPlatforms) = postSolution
		{342C31A4-71A5-453B-9381-5FD733C59C45}.Debug|Any CPU.ActiveCfg = Debug|Any CPU
		{342C31A4-71A5-453B-9381-5FD733C59C45}.Debug|Any CPU.Build.0 = Debug|Any CPU
		{342C31A4-71A5-453B-9381-5FD733C59C45}.Debug|Any CPU.Deploy.0 = Debug|Any CPU
		{342C31A4-71A5-453B-9381-5FD733C59C45}.Release|Any CPU.ActiveCfg = Release|Any CPU
		{342C31A4-71A5-453B-9381-5FD733C59C45}.Release|Any CPU.Build.0 = Release|Any CPU
		{342C31A4-71A5-453B-9381-5FD733C59C45}.Release|Any CPU.Deploy.0 = Release|Any CPU
		{F2684AD8-5462-40FE-9C63-45601A053FF6}.Debug|Any CPU.ActiveCfg = Debug|Any CPU
		{F2684AD8-5462-40FE-9C63-45601A053FF6}.Debug|Any CPU.Build.0 = Debug|Any CPU
		{F2684AD8-5462-40FE-9C63-45601A053FF6}.Release|Any CPU.ActiveCfg = Release|Any CPU
		{F2684AD8-5462-40FE-9C63-45601A053FF6}.Release|Any CPU.Build.0 = Release|Any CPU
		{05D16005-C893-4CBE-9B2D-12D87C9072D0}.Debug|Any CPU.ActiveCfg = Debug|Any CPU
		{05D16005-C893-4CBE-9B2D-12D87C9072D0}.Debug|Any CPU.Build.0 = Debug|Any CPU
		{05D16005-C893-4CBE-9B2D-12D87C9072D0}.Release|Any CPU.ActiveCfg = Release|Any CPU
		{05D16005-C893-4CBE-9B2D-12D87C9072D0}.Release|Any CPU.Build.0 = Release|Any CPU
		{90CAC798-3EEF-4FCA-ACA2-6C9FA0613EA5}.Debug|Any CPU.ActiveCfg = Debug|Any CPU
		{90CAC798-3EEF-4FCA-ACA2-6C9FA0613EA5}.Debug|Any CPU.Build.0 = Debug|Any CPU
		{90CAC798-3EEF-4FCA-ACA2-6C9FA0613EA5}.Release|Any CPU.ActiveCfg = Release|Any CPU
		{90CAC798-3EEF-4FCA-ACA2-6C9FA0613EA5}.Release|Any CPU.Build.0 = Release|Any CPU
		{2F2AE110-6A77-4A58-8037-2138E48D9D69}.Debug|Any CPU.ActiveCfg = Debug|Any CPU
		{2F2AE110-6A77-4A58-8037-2138E48D9D69}.Debug|Any CPU.Build.0 = Debug|Any CPU
		{2F2AE110-6A77-4A58-8037-2138E48D9D69}.Release|Any CPU.ActiveCfg = Release|Any CPU
		{2F2AE110-6A77-4A58-8037-2138E48D9D69}.Release|Any CPU.Build.0 = Release|Any CPU
	EndGlobalSection
	GlobalSection(SolutionProperties) = preSolution
		HideSolutionNode = FALSE
	EndGlobalSection
	GlobalSection(NestedProjects) = preSolution
		{05D16005-C893-4CBE-9B2D-12D87C9072D0} = {C540F5F2-7701-433B-B0C6-E14F7E10AC11}
		{90CAC798-3EEF-4FCA-ACA2-6C9FA0613EA5} = {C540F5F2-7701-433B-B0C6-E14F7E10AC11}
		{2F2AE110-6A77-4A58-8037-2138E48D9D69} = {C540F5F2-7701-433B-B0C6-E14F7E10AC11}
	EndGlobalSection
	GlobalSection(ExtensibilityGlobals) = postSolution
		SolutionGuid = {61F7FB11-1E47-470C-91E2-47F8143E1572}
	EndGlobalSection
EndGlobal
